
Microsoft Visual Studio Solution File, Format Version 12.00
# Visual Studio Version 17
VisualStudioVersion = 17.13.35818.85
MinimumVisualStudioVersion = 10.0.40219.1
Project("{2150E333-8FDC-42A3-9474-1A3956D46DE8}") = "Services", "Services", "{02EA681E-C7D8-13C7-8484-4AC65E1B71E8}"
EndProject
Project("{2150E333-8FDC-42A3-9474-1A3956D46DE8}") = "Catalog", "Catalog", "{FA7CCB5E-96CE-4899-BF66-2EBCEFED4540}"
EndProject
Project("{FAE04EC0-301F-11D3-BF4B-00C04F79EFBC}") = "Catalog.API", "Services\Catalog\Catalog.API\Catalog.API.csproj", "{11B04638-5679-4112-ABE4-344B08F4DF76}"
EndProject
Global
	GlobalSection(SolutionConfigurationPlatforms) = preSolution
		Debug|Any CPU = Debug|Any CPU
		Release|Any CPU = Release|Any CPU
	EndGlobalSection
	GlobalSection(ProjectConfigurationPlatforms) = postSolution
		{11B04638-5679-4112-ABE4-344B08F4DF76}.Debug|Any CPU.ActiveCfg = Debug|Any CPU
		{11B04638-5679-4112-ABE4-344B08F4DF76}.Debug|Any CPU.Build.0 = Debug|Any CPU
		{11B04638-5679-4112-ABE4-344B08F4DF76}.Release|Any CPU.ActiveCfg = Release|Any CPU
		{11B04638-5679-4112-ABE4-344B08F4DF76}.Release|Any CPU.Build.0 = Release|Any CPU
	EndGlobalSection
	GlobalSection(SolutionProperties) = preSolution
		HideSolutionNode = FALSE
	EndGlobalSection
	GlobalSection(NestedProjects) = preSolution
		{FA7CCB5E-96CE-4899-BF66-2EBCEFED4540} = {02EA681E-C7D8-13C7-8484-4AC65E1B71E8}
		{11B04638-5679-4112-ABE4-344B08F4DF76} = {FA7CCB5E-96CE-4899-BF66-2EBCEFED4540}
	EndGlobalSection
	GlobalSection(ExtensibilityGlobals) = postSolution
		SolutionGuid = {470238D6-7F32-4D22-8363-762E1AFABEC3}
	EndGlobalSection
EndGlobal
